
Microsoft Visual Studio Solution File, Format Version 12.00
# Visual Studio Version 17
VisualStudioVersion = 17.7.34024.191
MinimumVisualStudioVersion = 10.0.40219.1
Project("{9A19103F-16F7-4668-BE54-9A1E7A4F7556}") = "OcelotGateway", "OcelotGateway\OcelotGateway.csproj", "{47FB77E3-3F0B-4D58-888B-37CFD0BA6396}"
EndProject
Project("{9A19103F-16F7-4668-BE54-9A1E7A4F7556}") = "WatchListAPI", "WatchListAPI\WatchListAPI.csproj", "{F530CC07-D760-43BA-A1AC-094D353EE3DB}"
EndProject
Project("{9A19103F-16F7-4668-BE54-9A1E7A4F7556}") = "AuthenticationApi", "AuthenticationApi\AuthenticationApi.csproj", "{033A3ACC-5E37-4188-A915-72C76721B189}"
EndProject
Global
	GlobalSection(SolutionConfigurationPlatforms) = preSolution
		Debug|Any CPU = Debug|Any CPU
		Release|Any CPU = Release|Any CPU
	EndGlobalSection
	GlobalSection(ProjectConfigurationPlatforms) = postSolution
		{47FB77E3-3F0B-4D58-888B-37CFD0BA6396}.Debug|Any CPU.ActiveCfg = Debug|Any CPU
		{47FB77E3-3F0B-4D58-888B-37CFD0BA6396}.Debug|Any CPU.Build.0 = Debug|Any CPU
		{47FB77E3-3F0B-4D58-888B-37CFD0BA6396}.Release|Any CPU.ActiveCfg = Release|Any CPU
		{47FB77E3-3F0B-4D58-888B-37CFD0BA6396}.Release|Any CPU.Build.0 = Release|Any CPU
		{F530CC07-D760-43BA-A1AC-094D353EE3DB}.Debug|Any CPU.ActiveCfg = Debug|Any CPU
		{F530CC07-D760-43BA-A1AC-094D353EE3DB}.Debug|Any CPU.Build.0 = Debug|Any CPU
		{F530CC07-D760-43BA-A1AC-094D353EE3DB}.Release|Any CPU.ActiveCfg = Release|Any CPU
		{F530CC07-D760-43BA-A1AC-094D353EE3DB}.Release|Any CPU.Build.0 = Release|Any CPU
		{033A3ACC-5E37-4188-A915-72C76721B189}.Debug|Any CPU.ActiveCfg = Debug|Any CPU
		{033A3ACC-5E37-4188-A915-72C76721B189}.Debug|Any CPU.Build.0 = Debug|Any CPU
		{033A3ACC-5E37-4188-A915-72C76721B189}.Release|Any CPU.ActiveCfg = Release|Any CPU
		{033A3ACC-5E37-4188-A915-72C76721B189}.Release|Any CPU.Build.0 = Release|Any CPU
	EndGlobalSection
	GlobalSection(SolutionProperties) = preSolution
		HideSolutionNode = FALSE
	EndGlobalSection
	GlobalSection(ExtensibilityGlobals) = postSolution
		SolutionGuid = {2A696C44-DC3F-4AE3-8D59-9147856F073A}
	EndGlobalSection
EndGlobal
