
Microsoft Visual Studio Solution File, Format Version 12.00
# Visual Studio Version 17
VisualStudioVersion = 17.7.34024.191
MinimumVisualStudioVersion = 10.0.40219.1
Project("{FAE04EC0-301F-11D3-BF4B-00C04F79EFBC}") = "apigateway", "apigateway\apigateway.csproj", "{748BC35A-DD88-419A-B0DE-5A2F91599235}"
EndProject
Project("{9A19103F-16F7-4668-BE54-9A1E7A4F7556}") = "WatchListAPI", "..\WatchListAPI\WatchListAPI\WatchListAPI.csproj", "{9F208B64-D656-4C11-AA1B-A543A02FE687}"
EndProject
Project("{9A19103F-16F7-4668-BE54-9A1E7A4F7556}") = "AuthenticationApi", "..\AuthenticationApi\AuthenticationApi\AuthenticationApi.csproj", "{FD48ED9A-8D35-494E-9C62-F25A256B2F86}"
EndProject
Global
	GlobalSection(SolutionConfigurationPlatforms) = preSolution
		Debug|Any CPU = Debug|Any CPU
		Release|Any CPU = Release|Any CPU
	EndGlobalSection
	GlobalSection(ProjectConfigurationPlatforms) = postSolution
		{748BC35A-DD88-419A-B0DE-5A2F91599235}.Debug|Any CPU.ActiveCfg = Debug|Any CPU
		{748BC35A-DD88-419A-B0DE-5A2F91599235}.Debug|Any CPU.Build.0 = Debug|Any CPU
		{748BC35A-DD88-419A-B0DE-5A2F91599235}.Release|Any CPU.ActiveCfg = Release|Any CPU
		{748BC35A-DD88-419A-B0DE-5A2F91599235}.Release|Any CPU.Build.0 = Release|Any CPU
		{9F208B64-D656-4C11-AA1B-A543A02FE687}.Debug|Any CPU.ActiveCfg = Debug|Any CPU
		{9F208B64-D656-4C11-AA1B-A543A02FE687}.Debug|Any CPU.Build.0 = Debug|Any CPU
		{9F208B64-D656-4C11-AA1B-A543A02FE687}.Release|Any CPU.ActiveCfg = Release|Any CPU
		{9F208B64-D656-4C11-AA1B-A543A02FE687}.Release|Any CPU.Build.0 = Release|Any CPU
		{FD48ED9A-8D35-494E-9C62-F25A256B2F86}.Debug|Any CPU.ActiveCfg = Debug|Any CPU
		{FD48ED9A-8D35-494E-9C62-F25A256B2F86}.Debug|Any CPU.Build.0 = Debug|Any CPU
		{FD48ED9A-8D35-494E-9C62-F25A256B2F86}.Release|Any CPU.ActiveCfg = Release|Any CPU
		{FD48ED9A-8D35-494E-9C62-F25A256B2F86}.Release|Any CPU.Build.0 = Release|Any CPU
	EndGlobalSection
	GlobalSection(SolutionProperties) = preSolution
		HideSolutionNode = FALSE
	EndGlobalSection
	GlobalSection(ExtensibilityGlobals) = postSolution
		SolutionGuid = {AB645AFD-220F-41EA-8C79-3B2BF8D48F74}
	EndGlobalSection
EndGlobal
